
Microsoft Visual Studio Solution File, Format Version 12.00
# Visual Studio 15
VisualStudioVersion = 15.0.26228.13
MinimumVisualStudioVersion = 10.0.40219.1
Project("{FAE04EC0-301F-11D3-BF4B-00C04F79EFBC}") = "EdNetApi.Generator", "EdNetApi.Generator\EdNetApi.Generator.csproj", "{29A7311B-5FF3-49A8-BBFB-FC816F05C986}"
EndProject
Project("{FAE04EC0-301F-11D3-BF4B-00C04F79EFBC}") = "EdNetApi.Common", "..\ednetapi\EdNetApi.Common\EdNetApi.Common.csproj", "{A5BCD0D2-F9B4-4E0C-8AD2-23809CAE8B88}"
EndProject
Global
	GlobalSection(SolutionConfigurationPlatforms) = preSolution
		Debug|Any CPU = Debug|Any CPU
		Release|Any CPU = Release|Any CPU
	EndGlobalSection
	GlobalSection(ProjectConfigurationPlatforms) = postSolution
		{29A7311B-5FF3-49A8-BBFB-FC816F05C986}.Debug|Any CPU.ActiveCfg = Debug|Any CPU
		{29A7311B-5FF3-49A8-BBFB-FC816F05C986}.Debug|Any CPU.Build.0 = Debug|Any CPU
		{29A7311B-5FF3-49A8-BBFB-FC816F05C986}.Release|Any CPU.ActiveCfg = Release|Any CPU
		{29A7311B-5FF3-49A8-BBFB-FC816F05C986}.Release|Any CPU.Build.0 = Release|Any CPU
		{A5BCD0D2-F9B4-4E0C-8AD2-23809CAE8B88}.Debug|Any CPU.ActiveCfg = Debug|Any CPU
		{A5BCD0D2-F9B4-4E0C-8AD2-23809CAE8B88}.Debug|Any CPU.Build.0 = Debug|Any CPU
		{A5BCD0D2-F9B4-4E0C-8AD2-23809CAE8B88}.Release|Any CPU.ActiveCfg = Release|Any CPU
		{A5BCD0D2-F9B4-4E0C-8AD2-23809CAE8B88}.Release|Any CPU.Build.0 = Release|Any CPU
	EndGlobalSection
	GlobalSection(SolutionProperties) = preSolution
		HideSolutionNode = FALSE
	EndGlobalSection
EndGlobal
